PODS:
  - AFNetworking (2.5.1):
    - AFNetworking/NSURLConnection (= 2.5.1)
    - AFNetworking/NSURLSession (= 2.5.1)
    - AFNetworking/Reachability (= 2.5.1)
    - AFNetworking/Security (= 2.5.1)
    - AFNetworking/Serialization (= 2.5.1)
    - AFNetworking/UIKit (= 2.5.1)
  - AFNetworking+streaming (0.6):
    - AFNetworking (~> 2.3)
    - AFNetworking+streaming/Core (= 0.6)
    - AFNetworking+streaming/Json (= 0.6)
  - AFNetworking+streaming/Core (0.6):
    - AFNetworking (~> 2.3)
  - AFNetworking+streaming/Json (0.6):
    - AFNetworking (~> 2.3)
    - AFNetworking+streaming/Core (= 0.6)
    - SBJson4 (~> 4)
  - AFNetworking/NSURLConnection (2.5.1):
    - AFNetworking/Reachability
    - AFNetworking/Security
    - AFNetworking/Serialization
  - AFNetworking/NSURLSession (2.5.1):
    - AFNetworking/Reachability
    - AFNetworking/Security
    - AFNetworking/Serialization
  - AFNetworking/Reachability (2.5.1)
  - AFNetworking/Security (2.5.1)
  - AFNetworking/Serialization (2.5.1)
  - AFNetworking/UIKit (2.5.1):
    - AFNetworking/NSURLConnection
    - AFNetworking/NSURLSession
  - SBJson4 (4.0.1)

DEPENDENCIES:
  - AFNetworking+streaming (from `../`)

EXTERNAL SOURCES:
  AFNetworking+streaming:
    :path: ../

SPEC CHECKSUMS:
  AFNetworking: 8bee59492a6ff15d69130efa4d0dc67e0094a52a
  AFNetworking+streaming: 3dd85b4c2b65ac4475c2d06a815df9fe6dacc83f
  SBJson4: 321a266881e0e1830c5d2cae0beedf14d97da08b

COCOAPODS: 0.36.0
